
Microsoft Visual Studio Solution File, Format Version 12.00
# Visual Studio 2012
Project("{8BC9CEB8-8B4A-11D0-8D11-00A0C91BC942}") = "Test3", "Test3.vcxproj", "{AF1E425E-C8E1-408B-96B1-CC86CFDC8A99}"
EndProject
Global
	GlobalSection(SolutionConfigurationPlatforms) = preSolution
		Debug|Win32 = Debug|Win32
		Release|Win32 = Release|Win32
	EndGlobalSection
	GlobalSection(ProjectConfigurationPlatforms) = postSolution
		{AF1E425E-C8E1-408B-96B1-CC86CFDC8A99}.Debug|Win32.ActiveCfg = Debug|Win32
		{AF1E425E-C8E1-408B-96B1-CC86CFDC8A99}.Debug|Win32.Build.0 = Debug|Win32
		{AF1E425E-C8E1-408B-96B1-CC86CFDC8A99}.Release|Win32.ActiveCfg = Release|Win32
		{AF1E425E-C8E1-408B-96B1-CC86CFDC8A99}.Release|Win32.Build.0 = Release|Win32
	EndGlobalSection
	GlobalSection(SolutionProperties) = preSolution
		HideSolutionNode = FALSE
	EndGlobalSection
EndGlobal
