
Microsoft Visual Studio Solution File, Format Version 12.00
# Visual Studio 2012
Project("{8BC9CEB8-8B4A-11D0-8D11-00A0C91BC942}") = "Course", "Course.vcxproj", "{07F553B8-BBC3-4355-9529-116717D51EDA}"
EndProject
Global
	GlobalSection(SolutionConfigurationPlatforms) = preSolution
		Debug|Win32 = Debug|Win32
		Release|Win32 = Release|Win32
	EndGlobalSection
	GlobalSection(ProjectConfigurationPlatforms) = postSolution
		{07F553B8-BBC3-4355-9529-116717D51EDA}.Debug|Win32.ActiveCfg = Debug|Win32
		{07F553B8-BBC3-4355-9529-116717D51EDA}.Debug|Win32.Build.0 = Debug|Win32
		{07F553B8-BBC3-4355-9529-116717D51EDA}.Release|Win32.ActiveCfg = Release|Win32
		{07F553B8-BBC3-4355-9529-116717D51EDA}.Release|Win32.Build.0 = Release|Win32
	EndGlobalSection
	GlobalSection(SolutionProperties) = preSolution
		HideSolutionNode = FALSE
	EndGlobalSection
EndGlobal
